
Microsoft Visual Studio Solution File, Format Version 12.00
# Visual Studio Version 16
VisualStudioVersion = 16.0.29519.181
MinimumVisualStudioVersion = 10.0.40219.1
Project("{9A19103F-16F7-4668-BE54-9A1E7A4F7556}") = "Taxi.Common", "Taxi.Common\Taxi.Common.csproj", "{96D1B19C-83F9-40DA-8211-1F3FDAED77B7}"
EndProject
Project("{9A19103F-16F7-4668-BE54-9A1E7A4F7556}") = "Taxi.Web", "Taxi.Web\Taxi.Web.csproj", "{2D666D63-3637-437A-B00A-0CF38AFC2EC3}"
EndProject
Project("{FAE04EC0-301F-11D3-BF4B-00C04F79EFBC}") = "Taxi.Prism", "Taxi.Prism\Taxi.Prism\Taxi.Prism.csproj", "{AFECD569-E35E-475E-BB63-7BBC399FD2C7}"
EndProject
Project("{FAE04EC0-301F-11D3-BF4B-00C04F79EFBC}") = "Taxi.Prism.Android", "Taxi.Prism\Taxi.Prism.Android\Taxi.Prism.Android.csproj", "{DCD8ECEB-926C-453A-A970-9FA6332FC1EA}"
EndProject
Project("{FAE04EC0-301F-11D3-BF4B-00C04F79EFBC}") = "Taxi.Prism.iOS", "Taxi.Prism\Taxi.Prism.iOS\Taxi.Prism.iOS.csproj", "{35994D88-AAE2-4BC7-9F03-F1F460A1C50A}"
EndProject
Project("{FAE04EC0-301F-11D3-BF4B-00C04F79EFBC}") = "Taxi.Cross.Android", "Taxi.Cross.Android\Taxi.Cross.Android.csproj", "{C6698E9C-D088-437A-8DA9-CA88068C4842}"
EndProject
Project("{FAE04EC0-301F-11D3-BF4B-00C04F79EFBC}") = "Taxi.Cross.iOS", "Taxi.Cross.iOS\Taxi.Cross.iOS.csproj", "{1DC604A6-314A-4C02-A9A4-6E22D265FE54}"
EndProject
Global
	GlobalSection(SolutionConfigurationPlatforms) = preSolution
		Ad-Hoc|Any CPU = Ad-Hoc|Any CPU
		Ad-Hoc|iPhone = Ad-Hoc|iPhone
		Ad-Hoc|iPhoneSimulator = Ad-Hoc|iPhoneSimulator
		AppStore|Any CPU = AppStore|Any CPU
		AppStore|iPhone = AppStore|iPhone
		AppStore|iPhoneSimulator = AppStore|iPhoneSimulator
		Debug|Any CPU = Debug|Any CPU
		Debug|iPhone = Debug|iPhone
		Debug|iPhoneSimulator = Debug|iPhoneSimulator
		Release|Any CPU = Release|Any CPU
		Release|iPhone = Release|iPhone
		Release|iPhoneSimulator = Release|iPhoneSimulator
	EndGlobalSection
	GlobalSection(ProjectConfigurationPlatforms) = postSolution
		{96D1B19C-83F9-40DA-8211-1F3FDAED77B7}.Ad-Hoc|Any CPU.ActiveCfg = Release|Any CPU
		{96D1B19C-83F9-40DA-8211-1F3FDAED77B7}.Ad-Hoc|Any CPU.Build.0 = Release|Any CPU
		{96D1B19C-83F9-40DA-8211-1F3FDAED77B7}.Ad-Hoc|iPhone.ActiveCfg = Release|Any CPU
		{96D1B19C-83F9-40DA-8211-1F3FDAED77B7}.Ad-Hoc|iPhone.Build.0 = Release|Any CPU
		{96D1B19C-83F9-40DA-8211-1F3FDAED77B7}.Ad-Hoc|iPhoneSimulator.ActiveCfg = Release|Any CPU
		{96D1B19C-83F9-40DA-8211-1F3FDAED77B7}.Ad-Hoc|iPhoneSimulator.Build.0 = Release|Any CPU
		{96D1B19C-83F9-40DA-8211-1F3FDAED77B7}.AppStore|Any CPU.ActiveCfg = Release|Any CPU
		{96D1B19C-83F9-40DA-8211-1F3FDAED77B7}.AppStore|Any CPU.Build.0 = Release|Any CPU
		{96D1B19C-83F9-40DA-8211-1F3FDAED77B7}.AppStore|iPhone.ActiveCfg = Release|Any CPU
		{96D1B19C-83F9-40DA-8211-1F3FDAED77B7}.AppStore|iPhone.Build.0 = Release|Any CPU
		{96D1B19C-83F9-40DA-8211-1F3FDAED77B7}.AppStore|iPhoneSimulator.ActiveCfg = Release|Any CPU
		{96D1B19C-83F9-40DA-8211-1F3FDAED77B7}.AppStore|iPhoneSimulator.Build.0 = Release|Any CPU
		{96D1B19C-83F9-40DA-8211-1F3FDAED77B7}.Debug|Any CPU.ActiveCfg = Debug|Any CPU
		{96D1B19C-83F9-40DA-8211-1F3FDAED77B7}.Debug|Any CPU.Build.0 = Debug|Any CPU
		{96D1B19C-83F9-40DA-8211-1F3FDAED77B7}.Debug|iPhone.ActiveCfg = Debug|Any CPU
		{96D1B19C-83F9-40DA-8211-1F3FDAED77B7}.Debug|iPhone.Build.0 = Debug|Any CPU
		{96D1B19C-83F9-40DA-8211-1F3FDAED77B7}.Debug|iPhoneSimulator.ActiveCfg = Debug|Any CPU
		{96D1B19C-83F9-40DA-8211-1F3FDAED77B7}.Debug|iPhoneSimulator.Build.0 = Debug|Any CPU
		{96D1B19C-83F9-40DA-8211-1F3FDAED77B7}.Release|Any CPU.ActiveCfg = Release|Any CPU
		{96D1B19C-83F9-40DA-8211-1F3FDAED77B7}.Release|Any CPU.Build.0 = Release|Any CPU
		{96D1B19C-83F9-40DA-8211-1F3FDAED77B7}.Release|iPhone.ActiveCfg = Release|Any CPU
		{96D1B19C-83F9-40DA-8211-1F3FDAED77B7}.Release|iPhone.Build.0 = Release|Any CPU
		{96D1B19C-83F9-40DA-8211-1F3FDAED77B7}.Release|iPhoneSimulator.ActiveCfg = Release|Any CPU
		{96D1B19C-83F9-40DA-8211-1F3FDAED77B7}.Release|iPhoneSimulator.Build.0 = Release|Any CPU
		{2D666D63-3637-437A-B00A-0CF38AFC2EC3}.Ad-Hoc|Any CPU.ActiveCfg = Release|Any CPU
		{2D666D63-3637-437A-B00A-0CF38AFC2EC3}.Ad-Hoc|Any CPU.Build.0 = Release|Any CPU
		{2D666D63-3637-437A-B00A-0CF38AFC2EC3}.Ad-Hoc|iPhone.ActiveCfg = Release|Any CPU
		{2D666D63-3637-437A-B00A-0CF38AFC2EC3}.Ad-Hoc|iPhone.Build.0 = Release|Any CPU
		{2D666D63-3637-437A-B00A-0CF38AFC2EC3}.Ad-Hoc|iPhoneSimulator.ActiveCfg = Release|Any CPU
		{2D666D63-3637-437A-B00A-0CF38AFC2EC3}.Ad-Hoc|iPhoneSimulator.Build.0 = Release|Any CPU
		{2D666D63-3637-437A-B00A-0CF38AFC2EC3}.AppStore|Any CPU.ActiveCfg = Release|Any CPU
		{2D666D63-3637-437A-B00A-0CF38AFC2EC3}.AppStore|Any CPU.Build.0 = Release|Any CPU
		{2D666D63-3637-437A-B00A-0CF38AFC2EC3}.AppStore|iPhone.ActiveCfg = Release|Any CPU
		{2D666D63-3637-437A-B00A-0CF38AFC2EC3}.AppStore|iPhone.Build.0 = Release|Any CPU
		{2D666D63-3637-437A-B00A-0CF38AFC2EC3}.AppStore|iPhoneSimulator.ActiveCfg = Release|Any CPU
		{2D666D63-3637-437A-B00A-0CF38AFC2EC3}.AppStore|iPhoneSimulator.Build.0 = Release|Any CPU
		{2D666D63-3637-437A-B00A-0CF38AFC2EC3}.Debug|Any CPU.ActiveCfg = Debug|Any CPU
		{2D666D63-3637-437A-B00A-0CF38AFC2EC3}.Debug|Any CPU.Build.0 = Debug|Any CPU
		{2D666D63-3637-437A-B00A-0CF38AFC2EC3}.Debug|iPhone.ActiveCfg = Debug|Any CPU
		{2D666D63-3637-437A-B00A-0CF38AFC2EC3}.Debug|iPhone.Build.0 = Debug|Any CPU
		{2D666D63-3637-437A-B00A-0CF38AFC2EC3}.Debug|iPhoneSimulator.ActiveCfg = Debug|Any CPU
		{2D666D63-3637-437A-B00A-0CF38AFC2EC3}.Debug|iPhoneSimulator.Build.0 = Debug|Any CPU
		{2D666D63-3637-437A-B00A-0CF38AFC2EC3}.Release|Any CPU.ActiveCfg = Release|Any CPU
		{2D666D63-3637-437A-B00A-0CF38AFC2EC3}.Release|Any CPU.Build.0 = Release|Any CPU
		{2D666D63-3637-437A-B00A-0CF38AFC2EC3}.Release|iPhone.ActiveCfg = Release|Any CPU
		{2D666D63-3637-437A-B00A-0CF38AFC2EC3}.Release|iPhone.Build.0 = Release|Any CPU
		{2D666D63-3637-437A-B00A-0CF38AFC2EC3}.Release|iPhoneSimulator.ActiveCfg = Release|Any CPU
		{2D666D63-3637-437A-B00A-0CF38AFC2EC3}.Release|iPhoneSimulator.Build.0 = Release|Any CPU
		{AFECD569-E35E-475E-BB63-7BBC399FD2C7}.Ad-Hoc|Any CPU.ActiveCfg = Debug|Any CPU
		{AFECD569-E35E-475E-BB63-7BBC399FD2C7}.Ad-Hoc|Any CPU.Build.0 = Debug|Any CPU
		{AFECD569-E35E-475E-BB63-7BBC399FD2C7}.Ad-Hoc|iPhone.ActiveCfg = Debug|Any CPU
		{AFECD569-E35E-475E-BB63-7BBC399FD2C7}.Ad-Hoc|iPhone.Build.0 = Debug|Any CPU
		{AFECD569-E35E-475E-BB63-7BBC399FD2C7}.Ad-Hoc|iPhoneSimulator.ActiveCfg = Debug|Any CPU
		{AFECD569-E35E-475E-BB63-7BBC399FD2C7}.Ad-Hoc|iPhoneSimulator.Build.0 = Debug|Any CPU
		{AFECD569-E35E-475E-BB63-7BBC399FD2C7}.AppStore|Any CPU.ActiveCfg = Debug|Any CPU
		{AFECD569-E35E-475E-BB63-7BBC399FD2C7}.AppStore|Any CPU.Build.0 = Debug|Any CPU
		{AFECD569-E35E-475E-BB63-7BBC399FD2C7}.AppStore|iPhone.ActiveCfg = Debug|Any CPU
		{AFECD569-E35E-475E-BB63-7BBC399FD2C7}.AppStore|iPhone.Build.0 = Debug|Any CPU
		{AFECD569-E35E-475E-BB63-7BBC399FD2C7}.AppStore|iPhoneSimulator.ActiveCfg = Debug|Any CPU
		{AFECD569-E35E-475E-BB63-7BBC399FD2C7}.AppStore|iPhoneSimulator.Build.0 = Debug|Any CPU
		{AFECD569-E35E-475E-BB63-7BBC399FD2C7}.Debug|Any CPU.ActiveCfg = Debug|Any CPU
		{AFECD569-E35E-475E-BB63-7BBC399FD2C7}.Debug|Any CPU.Build.0 = Debug|Any CPU
		{AFECD569-E35E-475E-BB63-7BBC399FD2C7}.Debug|iPhone.ActiveCfg = Debug|Any CPU
		{AFECD569-E35E-475E-BB63-7BBC399FD2C7}.Debug|iPhone.Build.0 = Debug|Any CPU
		{AFECD569-E35E-475E-BB63-7BBC399FD2C7}.Debug|iPhoneSimulator.ActiveCfg = Debug|Any CPU
		{AFECD569-E35E-475E-BB63-7BBC399FD2C7}.Debug|iPhoneSimulator.Build.0 = Debug|Any CPU
		{AFECD569-E35E-475E-BB63-7BBC399FD2C7}.Release|Any CPU.ActiveCfg = Release|Any CPU
		{AFECD569-E35E-475E-BB63-7BBC399FD2C7}.Release|Any CPU.Build.0 = Release|Any CPU
		{AFECD569-E35E-475E-BB63-7BBC399FD2C7}.Release|iPhone.ActiveCfg = Release|Any CPU
		{AFECD569-E35E-475E-BB63-7BBC399FD2C7}.Release|iPhone.Build.0 = Release|Any CPU
		{AFECD569-E35E-475E-BB63-7BBC399FD2C7}.Release|iPhoneSimulator.ActiveCfg = Release|Any CPU
		{AFECD569-E35E-475E-BB63-7BBC399FD2C7}.Release|iPhoneSimulator.Build.0 = Release|Any CPU
		{DCD8ECEB-926C-453A-A970-9FA6332FC1EA}.Ad-Hoc|Any CPU.ActiveCfg = Release|Any CPU
		{DCD8ECEB-926C-453A-A970-9FA6332FC1EA}.Ad-Hoc|Any CPU.Build.0 = Release|Any CPU
		{DCD8ECEB-926C-453A-A970-9FA6332FC1EA}.Ad-Hoc|Any CPU.Deploy.0 = Release|Any CPU
		{DCD8ECEB-926C-453A-A970-9FA6332FC1EA}.Ad-Hoc|iPhone.ActiveCfg = Release|Any CPU
		{DCD8ECEB-926C-453A-A970-9FA6332FC1EA}.Ad-Hoc|iPhone.Build.0 = Release|Any CPU
		{DCD8ECEB-926C-453A-A970-9FA6332FC1EA}.Ad-Hoc|iPhone.Deploy.0 = Release|Any CPU
		{DCD8ECEB-926C-453A-A970-9FA6332FC1EA}.Ad-Hoc|iPhoneSimulator.ActiveCfg = Release|Any CPU
		{DCD8ECEB-926C-453A-A970-9FA6332FC1EA}.Ad-Hoc|iPhoneSimulator.Build.0 = Release|Any CPU
		{DCD8ECEB-926C-453A-A970-9FA6332FC1EA}.Ad-Hoc|iPhoneSimulator.Deploy.0 = Release|Any CPU
		{DCD8ECEB-926C-453A-A970-9FA6332FC1EA}.AppStore|Any CPU.ActiveCfg = Release|Any CPU
		{DCD8ECEB-926C-453A-A970-9FA6332FC1EA}.AppStore|Any CPU.Build.0 = Release|Any CPU
		{DCD8ECEB-926C-453A-A970-9FA6332FC1EA}.AppStore|Any CPU.Deploy.0 = Release|Any CPU
		{DCD8ECEB-926C-453A-A970-9FA6332FC1EA}.AppStore|iPhone.ActiveCfg = Release|Any CPU
		{DCD8ECEB-926C-453A-A970-9FA6332FC1EA}.AppStore|iPhone.Build.0 = Release|Any CPU
		{DCD8ECEB-926C-453A-A970-9FA6332FC1EA}.AppStore|iPhone.Deploy.0 = Release|Any CPU
		{DCD8ECEB-926C-453A-A970-9FA6332FC1EA}.AppStore|iPhoneSimulator.ActiveCfg = Release|Any CPU
		{DCD8ECEB-926C-453A-A970-9FA6332FC1EA}.AppStore|iPhoneSimulator.Build.0 = Release|Any CPU
		{DCD8ECEB-926C-453A-A970-9FA6332FC1EA}.AppStore|iPhoneSimulator.Deploy.0 = Release|Any CPU
		{DCD8ECEB-926C-453A-A970-9FA6332FC1EA}.Debug|Any CPU.ActiveCfg = Debug|Any CPU
		{DCD8ECEB-926C-453A-A970-9FA6332FC1EA}.Debug|Any CPU.Build.0 = Debug|Any CPU
		{DCD8ECEB-926C-453A-A970-9FA6332FC1EA}.Debug|Any CPU.Deploy.0 = Debug|Any CPU
		{DCD8ECEB-926C-453A-A970-9FA6332FC1EA}.Debug|iPhone.ActiveCfg = Debug|Any CPU
		{DCD8ECEB-926C-453A-A970-9FA6332FC1EA}.Debug|iPhone.Build.0 = Debug|Any CPU
		{DCD8ECEB-926C-453A-A970-9FA6332FC1EA}.Debug|iPhone.Deploy.0 = Debug|Any CPU
		{DCD8ECEB-926C-453A-A970-9FA6332FC1EA}.Debug|iPhoneSimulator.ActiveCfg = Debug|Any CPU
		{DCD8ECEB-926C-453A-A970-9FA6332FC1EA}.Debug|iPhoneSimulator.Build.0 = Debug|Any CPU
		{DCD8ECEB-926C-453A-A970-9FA6332FC1EA}.Debug|iPhoneSimulator.Deploy.0 = Debug|Any CPU
		{DCD8ECEB-926C-453A-A970-9FA6332FC1EA}.Release|Any CPU.ActiveCfg = Release|Any CPU
		{DCD8ECEB-926C-453A-A970-9FA6332FC1EA}.Release|Any CPU.Build.0 = Release|Any CPU
		{DCD8ECEB-926C-453A-A970-9FA6332FC1EA}.Release|Any CPU.Deploy.0 = Release|Any CPU
		{DCD8ECEB-926C-453A-A970-9FA6332FC1EA}.Release|iPhone.ActiveCfg = Release|Any CPU
		{DCD8ECEB-926C-453A-A970-9FA6332FC1EA}.Release|iPhone.Build.0 = Release|Any CPU
		{DCD8ECEB-926C-453A-A970-9FA6332FC1EA}.Release|iPhone.Deploy.0 = Release|Any CPU
		{DCD8ECEB-926C-453A-A970-9FA6332FC1EA}.Release|iPhoneSimulator.ActiveCfg = Release|Any CPU
		{DCD8ECEB-926C-453A-A970-9FA6332FC1EA}.Release|iPhoneSimulator.Build.0 = Release|Any CPU
		{DCD8ECEB-926C-453A-A970-9FA6332FC1EA}.Release|iPhoneSimulator.Deploy.0 = Release|Any CPU
		{35994D88-AAE2-4BC7-9F03-F1F460A1C50A}.Ad-Hoc|Any CPU.ActiveCfg = Ad-Hoc|iPhone
		{35994D88-AAE2-4BC7-9F03-F1F460A1C50A}.Ad-Hoc|iPhone.ActiveCfg = Ad-Hoc|iPhone
		{35994D88-AAE2-4BC7-9F03-F1F460A1C50A}.Ad-Hoc|iPhone.Build.0 = Ad-Hoc|iPhone
		{35994D88-AAE2-4BC7-9F03-F1F460A1C50A}.Ad-Hoc|iPhoneSimulator.ActiveCfg = Ad-Hoc|iPhoneSimulator
		{35994D88-AAE2-4BC7-9F03-F1F460A1C50A}.Ad-Hoc|iPhoneSimulator.Build.0 = Ad-Hoc|iPhoneSimulator
		{35994D88-AAE2-4BC7-9F03-F1F460A1C50A}.AppStore|Any CPU.ActiveCfg = AppStore|iPhone
		{35994D88-AAE2-4BC7-9F03-F1F460A1C50A}.AppStore|iPhone.ActiveCfg = AppStore|iPhone
		{35994D88-AAE2-4BC7-9F03-F1F460A1C50A}.AppStore|iPhone.Build.0 = AppStore|iPhone
		{35994D88-AAE2-4BC7-9F03-F1F460A1C50A}.AppStore|iPhoneSimulator.ActiveCfg = AppStore|iPhoneSimulator
		{35994D88-AAE2-4BC7-9F03-F1F460A1C50A}.AppStore|iPhoneSimulator.Build.0 = AppStore|iPhoneSimulator
		{35994D88-AAE2-4BC7-9F03-F1F460A1C50A}.Debug|Any CPU.ActiveCfg = Debug|iPhone
		{35994D88-AAE2-4BC7-9F03-F1F460A1C50A}.Debug|iPhone.ActiveCfg = Debug|iPhone
		{35994D88-AAE2-4BC7-9F03-F1F460A1C50A}.Debug|iPhone.Build.0 = Debug|iPhone
		{35994D88-AAE2-4BC7-9F03-F1F460A1C50A}.Debug|iPhoneSimulator.ActiveCfg = Debug|iPhoneSimulator
		{35994D88-AAE2-4BC7-9F03-F1F460A1C50A}.Debug|iPhoneSimulator.Build.0 = Debug|iPhoneSimulator
		{35994D88-AAE2-4BC7-9F03-F1F460A1C50A}.Release|Any CPU.ActiveCfg = Release|iPhone
		{35994D88-AAE2-4BC7-9F03-F1F460A1C50A}.Release|iPhone.ActiveCfg = Release|iPhone
		{35994D88-AAE2-4BC7-9F03-F1F460A1C50A}.Release|iPhone.Build.0 = Release|iPhone
		{35994D88-AAE2-4BC7-9F03-F1F460A1C50A}.Release|iPhoneSimulator.ActiveCfg = Release|iPhoneSimulator
		{35994D88-AAE2-4BC7-9F03-F1F460A1C50A}.Release|iPhoneSimulator.Build.0 = Release|iPhoneSimulator
		{C6698E9C-D088-437A-8DA9-CA88068C4842}.Ad-Hoc|Any CPU.ActiveCfg = Release|Any CPU
		{C6698E9C-D088-437A-8DA9-CA88068C4842}.Ad-Hoc|Any CPU.Build.0 = Release|Any CPU
		{C6698E9C-D088-437A-8DA9-CA88068C4842}.Ad-Hoc|Any CPU.Deploy.0 = Release|Any CPU
		{C6698E9C-D088-437A-8DA9-CA88068C4842}.Ad-Hoc|iPhone.ActiveCfg = Release|Any CPU
		{C6698E9C-D088-437A-8DA9-CA88068C4842}.Ad-Hoc|iPhone.Build.0 = Release|Any CPU
		{C6698E9C-D088-437A-8DA9-CA88068C4842}.Ad-Hoc|iPhone.Deploy.0 = Release|Any CPU
		{C6698E9C-D088-437A-8DA9-CA88068C4842}.Ad-Hoc|iPhoneSimulator.ActiveCfg = Release|Any CPU
		{C6698E9C-D088-437A-8DA9-CA88068C4842}.Ad-Hoc|iPhoneSimulator.Build.0 = Release|Any CPU
		{C6698E9C-D088-437A-8DA9-CA88068C4842}.Ad-Hoc|iPhoneSimulator.Deploy.0 = Release|Any CPU
		{C6698E9C-D088-437A-8DA9-CA88068C4842}.AppStore|Any CPU.ActiveCfg = Release|Any CPU
		{C6698E9C-D088-437A-8DA9-CA88068C4842}.AppStore|Any CPU.Build.0 = Release|Any CPU
		{C6698E9C-D088-437A-8DA9-CA88068C4842}.AppStore|Any CPU.Deploy.0 = Release|Any CPU
		{C6698E9C-D088-437A-8DA9-CA88068C4842}.AppStore|iPhone.ActiveCfg = Release|Any CPU
		{C6698E9C-D088-437A-8DA9-CA88068C4842}.AppStore|iPhone.Build.0 = Release|Any CPU
		{C6698E9C-D088-437A-8DA9-CA88068C4842}.AppStore|iPhone.Deploy.0 = Release|Any CPU
		{C6698E9C-D088-437A-8DA9-CA88068C4842}.AppStore|iPhoneSimulator.ActiveCfg = Release|Any CPU
		{C6698E9C-D088-437A-8DA9-CA88068C4842}.AppStore|iPhoneSimulator.Build.0 = Release|Any CPU
		{C6698E9C-D088-437A-8DA9-CA88068C4842}.AppStore|iPhoneSimulator.Deploy.0 = Release|Any CPU
		{C6698E9C-D088-437A-8DA9-CA88068C4842}.Debug|Any CPU.ActiveCfg = Debug|Any CPU
		{C6698E9C-D088-437A-8DA9-CA88068C4842}.Debug|Any CPU.Build.0 = Debug|Any CPU
		{C6698E9C-D088-437A-8DA9-CA88068C4842}.Debug|Any CPU.Deploy.0 = Debug|Any CPU
		{C6698E9C-D088-437A-8DA9-CA88068C4842}.Debug|iPhone.ActiveCfg = Debug|Any CPU
		{C6698E9C-D088-437A-8DA9-CA88068C4842}.Debug|iPhone.Build.0 = Debug|Any CPU
		{C6698E9C-D088-437A-8DA9-CA88068C4842}.Debug|iPhone.Deploy.0 = Debug|Any CPU
		{C6698E9C-D088-437A-8DA9-CA88068C4842}.Debug|iPhoneSimulator.ActiveCfg = Debug|Any CPU
		{C6698E9C-D088-437A-8DA9-CA88068C4842}.Debug|iPhoneSimulator.Build.0 = Debug|Any CPU
		{C6698E9C-D088-437A-8DA9-CA88068C4842}.Debug|iPhoneSimulator.Deploy.0 = Debug|Any CPU
		{C6698E9C-D088-437A-8DA9-CA88068C4842}.Release|Any CPU.ActiveCfg = Release|Any CPU
		{C6698E9C-D088-437A-8DA9-CA88068C4842}.Release|Any CPU.Build.0 = Release|Any CPU
		{C6698E9C-D088-437A-8DA9-CA88068C4842}.Release|Any CPU.Deploy.0 = Release|Any CPU
		{C6698E9C-D088-437A-8DA9-CA88068C4842}.Release|iPhone.ActiveCfg = Release|Any CPU
		{C6698E9C-D088-437A-8DA9-CA88068C4842}.Release|iPhone.Build.0 = Release|Any CPU
		{C6698E9C-D088-437A-8DA9-CA88068C4842}.Release|iPhone.Deploy.0 = Release|Any CPU
		{C6698E9C-D088-437A-8DA9-CA88068C4842}.Release|iPhoneSimulator.ActiveCfg = Release|Any CPU
		{C6698E9C-D088-437A-8DA9-CA88068C4842}.Release|iPhoneSimulator.Build.0 = Release|Any CPU
		{C6698E9C-D088-437A-8DA9-CA88068C4842}.Release|iPhoneSimulator.Deploy.0 = Release|Any CPU
		{1DC604A6-314A-4C02-A9A4-6E22D265FE54}.Ad-Hoc|Any CPU.ActiveCfg = Release|iPhone
		{1DC604A6-314A-4C02-A9A4-6E22D265FE54}.Ad-Hoc|Any CPU.Build.0 = Release|iPhone
		{1DC604A6-314A-4C02-A9A4-6E22D265FE54}.Ad-Hoc|iPhone.ActiveCfg = Release|iPhone
		{1DC604A6-314A-4C02-A9A4-6E22D265FE54}.Ad-Hoc|iPhone.Build.0 = Release|iPhone
		{1DC604A6-314A-4C02-A9A4-6E22D265FE54}.Ad-Hoc|iPhoneSimulator.ActiveCfg = Release|iPhoneSimulator
		{1DC604A6-314A-4C02-A9A4-6E22D265FE54}.Ad-Hoc|iPhoneSimulator.Build.0 = Release|iPhoneSimulator
		{1DC604A6-314A-4C02-A9A4-6E22D265FE54}.AppStore|Any CPU.ActiveCfg = Release|iPhone
		{1DC604A6-314A-4C02-A9A4-6E22D265FE54}.AppStore|Any CPU.Build.0 = Release|iPhone
		{1DC604A6-314A-4C02-A9A4-6E22D265FE54}.AppStore|iPhone.ActiveCfg = Release|iPhone
		{1DC604A6-314A-4C02-A9A4-6E22D265FE54}.AppStore|iPhone.Build.0 = Release|iPhone
		{1DC604A6-314A-4C02-A9A4-6E22D265FE54}.AppStore|iPhoneSimulator.ActiveCfg = Release|iPhoneSimulator
		{1DC604A6-314A-4C02-A9A4-6E22D265FE54}.AppStore|iPhoneSimulator.Build.0 = Release|iPhoneSimulator
		{1DC604A6-314A-4C02-A9A4-6E22D265FE54}.Debug|Any CPU.ActiveCfg = Debug|iPhone
		{1DC604A6-314A-4C02-A9A4-6E22D265FE54}.Debug|iPhone.ActiveCfg = Debug|iPhone
		{1DC604A6-314A-4C02-A9A4-6E22D265FE54}.Debug|iPhone.Build.0 = Debug|iPhone
		{1DC604A6-314A-4C02-A9A4-6E22D265FE54}.Debug|iPhoneSimulator.ActiveCfg = Debug|iPhoneSimulator
		{1DC604A6-314A-4C02-A9A4-6E22D265FE54}.Debug|iPhoneSimulator.Build.0 = Debug|iPhoneSimulator
		{1DC604A6-314A-4C02-A9A4-6E22D265FE54}.Release|Any CPU.ActiveCfg = Release|iPhone
		{1DC604A6-314A-4C02-A9A4-6E22D265FE54}.Release|iPhone.ActiveCfg = Release|iPhone
		{1DC604A6-314A-4C02-A9A4-6E22D265FE54}.Release|iPhone.Build.0 = Release|iPhone
		{1DC604A6-314A-4C02-A9A4-6E22D265FE54}.Release|iPhoneSimulator.ActiveCfg = Release|iPhoneSimulator
		{1DC604A6-314A-4C02-A9A4-6E22D265FE54}.Release|iPhoneSimulator.Build.0 = Release|iPhoneSimulator
	EndGlobalSection
	GlobalSection(SolutionProperties) = preSolution
		HideSolutionNode = FALSE
	EndGlobalSection
	GlobalSection(ExtensibilityGlobals) = postSolution
		SolutionGuid = {CAB89F5C-C661-4875-9A4D-0E9D03EEF600}
	EndGlobalSection
EndGlobal
